
Microsoft Visual Studio Solution File, Format Version 12.00
# Visual Studio Version 17
VisualStudioVersion = 17.2.32616.157
MinimumVisualStudioVersion = 10.0.40219.1
Project("{FAE04EC0-301F-11D3-BF4B-00C04F79EFBC}") = "AzureServiceBusTopicSenderApp", "AzureServiceBusTopicSenderApp.csproj", "{03A2C7F1-4CC5-4972-A353-B7328FEF37DE}"
EndProject
Project("{FAE04EC0-301F-11D3-BF4B-00C04F79EFBC}") = "AzureServiceBusSubscriptionReceiverApp", "..\AzureServiceBusSubscriptionReceiverApp\AzureServiceBusSubscriptionReceiverApp.csproj", "{9BDAC4D4-0F2E-45D4-A0D2-B337324491A6}"
EndProject
Global
	GlobalSection(SolutionConfigurationPlatforms) = preSolution
		Debug|Any CPU = Debug|Any CPU
		Release|Any CPU = Release|Any CPU
	EndGlobalSection
	GlobalSection(ProjectConfigurationPlatforms) = postSolution
		{03A2C7F1-4CC5-4972-A353-B7328FEF37DE}.Debug|Any CPU.ActiveCfg = Debug|Any CPU
		{03A2C7F1-4CC5-4972-A353-B7328FEF37DE}.Debug|Any CPU.Build.0 = Debug|Any CPU
		{03A2C7F1-4CC5-4972-A353-B7328FEF37DE}.Release|Any CPU.ActiveCfg = Release|Any CPU
		{03A2C7F1-4CC5-4972-A353-B7328FEF37DE}.Release|Any CPU.Build.0 = Release|Any CPU
		{9BDAC4D4-0F2E-45D4-A0D2-B337324491A6}.Debug|Any CPU.ActiveCfg = Debug|Any CPU
		{9BDAC4D4-0F2E-45D4-A0D2-B337324491A6}.Debug|Any CPU.Build.0 = Debug|Any CPU
		{9BDAC4D4-0F2E-45D4-A0D2-B337324491A6}.Release|Any CPU.ActiveCfg = Release|Any CPU
		{9BDAC4D4-0F2E-45D4-A0D2-B337324491A6}.Release|Any CPU.Build.0 = Release|Any CPU
	EndGlobalSection
	GlobalSection(SolutionProperties) = preSolution
		HideSolutionNode = FALSE
	EndGlobalSection
	GlobalSection(ExtensibilityGlobals) = postSolution
		SolutionGuid = {A96EE9E5-896B-428A-94B5-6D689123912C}
	EndGlobalSection
EndGlobal
